
Microsoft Visual Studio Solution File, Format Version 12.00
# Visual Studio Version 16
VisualStudioVersion = 16.0.31129.286
MinimumVisualStudioVersion = 10.0.40219.1
Project("{8BC9CEB8-8B4A-11D0-8D11-00A0C91BC942}") = "ConsoleGameCPP2", "ConsoleGameCPP2\ConsoleGameCPP2.vcxproj", "{BC4C8DC2-6CDC-47EC-B099-EE833466BBFE}"
EndProject
Global
	GlobalSection(SolutionConfigurationPlatforms) = preSolution
		Debug|x64 = Debug|x64
		Debug|x86 = Debug|x86
		Release|x64 = Release|x64
		Release|x86 = Release|x86
	EndGlobalSection
	GlobalSection(ProjectConfigurationPlatforms) = postSolution
		{BC4C8DC2-6CDC-47EC-B099-EE833466BBFE}.Debug|x64.ActiveCfg = Debug|x64
		{BC4C8DC2-6CDC-47EC-B099-EE833466BBFE}.Debug|x64.Build.0 = Debug|x64
		{BC4C8DC2-6CDC-47EC-B099-EE833466BBFE}.Debug|x86.ActiveCfg = Debug|Win32
		{BC4C8DC2-6CDC-47EC-B099-EE833466BBFE}.Debug|x86.Build.0 = Debug|Win32
		{BC4C8DC2-6CDC-47EC-B099-EE833466BBFE}.Release|x64.ActiveCfg = Release|x64
		{BC4C8DC2-6CDC-47EC-B099-EE833466BBFE}.Release|x64.Build.0 = Release|x64
		{BC4C8DC2-6CDC-47EC-B099-EE833466BBFE}.Release|x86.ActiveCfg = Release|Win32
		{BC4C8DC2-6CDC-47EC-B099-EE833466BBFE}.Release|x86.Build.0 = Release|Win32
	EndGlobalSection
	GlobalSection(SolutionProperties) = preSolution
		HideSolutionNode = FALSE
	EndGlobalSection
	GlobalSection(ExtensibilityGlobals) = postSolution
		SolutionGuid = {C221CB4B-E412-4AF5-8F00-D2734478F433}
	EndGlobalSection
EndGlobal
